{
    "_readme": [
        "This file locks the dependencies of your project to a known state",
        "Read more about it at http://getcomposer.org/doc/01-basic-usage.md#composer-lock-the-lock-file",
        "This file is @generated automatically"
    ],
    "hash": "819e51ea4884e1eb47ff010a9da1614f",
    "packages": [
        {
            "name": "gabrielelana/byte-units",
            "version": "0.2.0",
            "source": {
                "type": "git",
                "url": "https://github.com/gabrielelana/byte-units.git",
                "reference": "ee1d99ae4374a76847e8366a8ea5464226ebcc01"
            },
            "dist": {
                "type": "zip",
                "url": "https://api.github.com/repos/gabrielelana/byte-units/zipball/ee1d99ae4374a76847e8366a8ea5464226ebcc01",
                "reference": "ee1d99ae4374a76847e8366a8ea5464226ebcc01",
                "shasum": ""
            },
            "require": {
                "php": ">=5.4.0"
            },
            "require-dev": {
                "phpunit/phpunit": "~4.0"
            },
            "type": "library",
            "autoload": {
                "psr-4": {
                    "ByteUnits\\": "src/ByteUnits"
                },
                "files": [
                    "src/ByteUnits/functions.php"
                ]
            },
            "notification-url": "https://packagist.org/downloads/",
            "license": [
                "MIT"
            ],
            "authors": [
                {
                    "name": "Gabriele Lana",
                    "email": "gabriele.lana@gmail.com"
                }
            ],
            "description": "Library to parse, format and convert byte units",
            "homepage": "https://github.com/gabrielelana/byte-units",
            "keywords": [
                "byte",
                "convert",
                "format",
                "parse",
                "size",
                "units"
            ],
            "time": "2015-03-11 15:46:37"
        },
        {
            "name": "jimmiw/php-time-ago",
            "version": "0.3.0",
            "source": {
                "type": "git",
                "url": "https://github.com/jimmiw/php-time-ago.git",
                "reference": "3b7100b2a61c750f29455376fd0c0351630517de"
            },
            "dist": {
                "type": "zip",
                "url": "https://api.github.com/repos/jimmiw/php-time-ago/zipball/3b7100b2a61c750f29455376fd0c0351630517de",
                "reference": "3b7100b2a61c750f29455376fd0c0351630517de",
                "shasum": ""
            },
            "require": {
                "php": ">=4"
            },
            "type": "library",
            "autoload": {
                "files": [
                    "timeago.inc.php"
                ]
            },
            "notification-url": "https://packagist.org/downloads/",
            "license": [
                "MIT"
            ],
            "authors": [
                {
                    "name": "Jimmi Westerberg",
                    "homepage": "http://www.westsworld.dk",
                    "role": "Developer"
                }
            ],
            "description": "Simple module, that displays the date in a \"time ago\" format",
            "homepage": "https://github.com/jimmiw/php-time-ago",
            "keywords": [
                "distance of time",
                "time ago",
                "time ago in words"
            ],
            "time": "2014-06-25 07:11:41"
        },
        {
            "name": "symfony/console",
            "version": "2.8.x-dev",
            "target-dir": "Symfony/Component/Console",
            "source": {
                "type": "git",
                "url": "https://github.com/symfony/Console.git",
                "reference": "9f7a193bb99947d8b226f4ef3917135b7209a975"
            },
            "dist": {
                "type": "zip",
                "url": "https://api.github.com/repos/symfony/Console/zipball/9f7a193bb99947d8b226f4ef3917135b7209a975",
                "reference": "9f7a193bb99947d8b226f4ef3917135b7209a975",
                "shasum": ""
            },
            "require": {
                "php": ">=5.3.9"
            },
            "require-dev": {
                "psr/log": "~1.0",
                "symfony/event-dispatcher": "~2.1|~3.0.0",
                "symfony/phpunit-bridge": "~2.7|~3.0.0",
                "symfony/process": "~2.1|~3.0.0"
            },
            "suggest": {
                "psr/log": "For using the console logger",
                "symfony/event-dispatcher": "",
                "symfony/process": ""
            },
            "type": "library",
            "extra": {
                "branch-alias": {
                    "dev-master": "2.8-dev"
                }
            },
            "autoload": {
                "psr-0": {
                    "Symfony\\Component\\Console\\": ""
                }
            },
            "notification-url": "https://packagist.org/downloads/",
            "license": [
                "MIT"
            ],
            "authors": [
                {
                    "name": "Symfony Community",
                    "homepage": "http://symfony.com/contributors"
                },
                {
                    "name": "Fabien Potencier",
                    "email": "fabien@symfony.com"
                }
            ],
            "description": "Symfony Console Component",
            "homepage": "http://symfony.com",
            "time": "2015-04-22 09:30:19"
        }
    ],
    "packages-dev": [],
    "aliases": [],
    "minimum-stability": "dev",
    "stability-flags": [],
    "prefer-stable": false,
    "prefer-lowest": false,
    "platform": {
        "php": ">=5.3.0",
        "ext-memcached": "*"
    },
    "platform-dev": []
}
